{
  "name": "@claw-hwp/scripts",
  "version": "0.0.1",
  "lockfileVersion": 3,
  "requires": true,
  "packages": {
    "": {
      "name": "@claw-hwp/scripts",
      "version": "0.0.1",
      "dependencies": {
        "@rhwp/core": "^0.7.10",
        "fflate": "^0.8.2"
      },
      "engines": {
        "node": ">=18"
      }
    },
    "node_modules/@rhwp/core": {
      "version": "0.7.10",
      "resolved": "https://registry.npmjs.org/@rhwp/core/-/core-0.7.10.tgz",
      "integrity": "sha512-euFNIO8uqyHrQT/wPx+Y7Px4hRf89YTcV1azGjc0jCX/SS3xXMNe58EjXfO3VWn62W3C/llnkiWYWUBcvVImWQ==",
      "license": "MIT"
    },
    "node_modules/fflate": {
      "version": "0.8.2",
      "resolved": "https://registry.npmjs.org/fflate/-/fflate-0.8.2.tgz",
      "integrity": "sha512-cPJU47OaAoCbg0pBvzsgpTPhmhqI5eJjh/JIu8tPj5q+T7iLvW/JAYUqmE7KOB4R1ZyEhzBaIQpQpardBF5z8A==",
      "license": "MIT"
    }
  }
}
